
Microsoft Visual Studio Solution File, Format Version 12.00
# Visual Studio Version 16
VisualStudioVersion = 16.0.29926.136
MinimumVisualStudioVersion = 10.0.40219.1
Project("{2150E333-8FDC-42A3-9474-1A3956D46DE8}") = "1 - PRESENTACIÓN", "1 - PRESENTACIÓN", "{72FB4EAA-8944-476B-A17B-4FC3A2A001E2}"
EndProject
Project("{2150E333-8FDC-42A3-9474-1A3956D46DE8}") = "2 - SERVICIOS", "2 - SERVICIOS", "{86227F15-E037-495A-8D8D-2EE91A6C0B49}"
EndProject
Project("{2150E333-8FDC-42A3-9474-1A3956D46DE8}") = "3 - NEGOCIO", "3 - NEGOCIO", "{91B8B15A-93C9-45FC-992F-B684DF330911}"
EndProject
Project("{2150E333-8FDC-42A3-9474-1A3956D46DE8}") = "4 - DATOS", "4 - DATOS", "{895585C3-94BA-4B5A-B4C6-2CBA943E3FD1}"
EndProject
Project("{2150E333-8FDC-42A3-9474-1A3956D46DE8}") = "5 - TRANSVERSALES", "5 - TRANSVERSALES", "{31CF6C7D-711B-40C4-805A-61685E6DC833}"
EndProject
Project("{9A19103F-16F7-4668-BE54-9A1E7A4F7556}") = "Transversales.Modelos", "Transversales.Modelos\Transversales.Modelos.csproj", "{FD2F438C-0925-4AC4-9E12-E8418F3243B5}"
EndProject
Project("{9A19103F-16F7-4668-BE54-9A1E7A4F7556}") = "Transversales.Utilitarios", "Transversales.Utilitarios\Transversales.Utilitarios.csproj", "{687294B4-BF83-4407-9D8F-6CC0A889A8C8}"
EndProject
Project("{9A19103F-16F7-4668-BE54-9A1E7A4F7556}") = "Datos.Dapper", "Datos.Dapper\Datos.Dapper.csproj", "{9AB631D1-E865-41A4-80B1-5521295AF21C}"
EndProject
Project("{9A19103F-16F7-4668-BE54-9A1E7A4F7556}") = "Negocio.Contratos", "Negocio.Contratos\Negocio.Contratos.csproj", "{4DC101C5-8E35-4219-8827-7EC7667C34F6}"
EndProject
Project("{9A19103F-16F7-4668-BE54-9A1E7A4F7556}") = "Negocio.General", "Negocio.General\Negocio.General.csproj", "{BE48A0CE-758D-4E04-AF72-AE301B64D863}"
EndProject
Project("{9A19103F-16F7-4668-BE54-9A1E7A4F7556}") = "Datos.Contratos", "Datos.Contratos\Datos.Contratos.csproj", "{97AEAC30-C321-49BC-B89D-6782EC3E30AF}"
EndProject
Project("{FAE04EC0-301F-11D3-BF4B-00C04F79EFBC}") = "Presentacion.WPF", "Presentacion.WPF\Presentacion.WPF.csproj", "{5C113CF8-8D0C-4FC3-BE8F-DEA38731B1D7}"
EndProject
Global
	GlobalSection(SolutionConfigurationPlatforms) = preSolution
		Debug|Any CPU = Debug|Any CPU
		Release|Any CPU = Release|Any CPU
	EndGlobalSection
	GlobalSection(ProjectConfigurationPlatforms) = postSolution
		{FD2F438C-0925-4AC4-9E12-E8418F3243B5}.Debug|Any CPU.ActiveCfg = Debug|Any CPU
		{FD2F438C-0925-4AC4-9E12-E8418F3243B5}.Debug|Any CPU.Build.0 = Debug|Any CPU
		{FD2F438C-0925-4AC4-9E12-E8418F3243B5}.Release|Any CPU.ActiveCfg = Release|Any CPU
		{FD2F438C-0925-4AC4-9E12-E8418F3243B5}.Release|Any CPU.Build.0 = Release|Any CPU
		{687294B4-BF83-4407-9D8F-6CC0A889A8C8}.Debug|Any CPU.ActiveCfg = Debug|Any CPU
		{687294B4-BF83-4407-9D8F-6CC0A889A8C8}.Debug|Any CPU.Build.0 = Debug|Any CPU
		{687294B4-BF83-4407-9D8F-6CC0A889A8C8}.Release|Any CPU.ActiveCfg = Release|Any CPU
		{687294B4-BF83-4407-9D8F-6CC0A889A8C8}.Release|Any CPU.Build.0 = Release|Any CPU
		{9AB631D1-E865-41A4-80B1-5521295AF21C}.Debug|Any CPU.ActiveCfg = Debug|Any CPU
		{9AB631D1-E865-41A4-80B1-5521295AF21C}.Debug|Any CPU.Build.0 = Debug|Any CPU
		{9AB631D1-E865-41A4-80B1-5521295AF21C}.Release|Any CPU.ActiveCfg = Release|Any CPU
		{9AB631D1-E865-41A4-80B1-5521295AF21C}.Release|Any CPU.Build.0 = Release|Any CPU
		{4DC101C5-8E35-4219-8827-7EC7667C34F6}.Debug|Any CPU.ActiveCfg = Debug|Any CPU
		{4DC101C5-8E35-4219-8827-7EC7667C34F6}.Debug|Any CPU.Build.0 = Debug|Any CPU
		{4DC101C5-8E35-4219-8827-7EC7667C34F6}.Release|Any CPU.ActiveCfg = Release|Any CPU
		{4DC101C5-8E35-4219-8827-7EC7667C34F6}.Release|Any CPU.Build.0 = Release|Any CPU
		{BE48A0CE-758D-4E04-AF72-AE301B64D863}.Debug|Any CPU.ActiveCfg = Debug|Any CPU
		{BE48A0CE-758D-4E04-AF72-AE301B64D863}.Debug|Any CPU.Build.0 = Debug|Any CPU
		{BE48A0CE-758D-4E04-AF72-AE301B64D863}.Release|Any CPU.ActiveCfg = Release|Any CPU
		{BE48A0CE-758D-4E04-AF72-AE301B64D863}.Release|Any CPU.Build.0 = Release|Any CPU
		{97AEAC30-C321-49BC-B89D-6782EC3E30AF}.Debug|Any CPU.ActiveCfg = Debug|Any CPU
		{97AEAC30-C321-49BC-B89D-6782EC3E30AF}.Debug|Any CPU.Build.0 = Debug|Any CPU
		{97AEAC30-C321-49BC-B89D-6782EC3E30AF}.Release|Any CPU.ActiveCfg = Release|Any CPU
		{97AEAC30-C321-49BC-B89D-6782EC3E30AF}.Release|Any CPU.Build.0 = Release|Any CPU
		{5C113CF8-8D0C-4FC3-BE8F-DEA38731B1D7}.Debug|Any CPU.ActiveCfg = Debug|Any CPU
		{5C113CF8-8D0C-4FC3-BE8F-DEA38731B1D7}.Debug|Any CPU.Build.0 = Debug|Any CPU
		{5C113CF8-8D0C-4FC3-BE8F-DEA38731B1D7}.Release|Any CPU.ActiveCfg = Release|Any CPU
		{5C113CF8-8D0C-4FC3-BE8F-DEA38731B1D7}.Release|Any CPU.Build.0 = Release|Any CPU
	EndGlobalSection
	GlobalSection(SolutionProperties) = preSolution
		HideSolutionNode = FALSE
	EndGlobalSection
	GlobalSection(NestedProjects) = preSolution
		{FD2F438C-0925-4AC4-9E12-E8418F3243B5} = {31CF6C7D-711B-40C4-805A-61685E6DC833}
		{687294B4-BF83-4407-9D8F-6CC0A889A8C8} = {31CF6C7D-711B-40C4-805A-61685E6DC833}
		{9AB631D1-E865-41A4-80B1-5521295AF21C} = {895585C3-94BA-4B5A-B4C6-2CBA943E3FD1}
		{4DC101C5-8E35-4219-8827-7EC7667C34F6} = {91B8B15A-93C9-45FC-992F-B684DF330911}
		{BE48A0CE-758D-4E04-AF72-AE301B64D863} = {91B8B15A-93C9-45FC-992F-B684DF330911}
		{97AEAC30-C321-49BC-B89D-6782EC3E30AF} = {895585C3-94BA-4B5A-B4C6-2CBA943E3FD1}
		{5C113CF8-8D0C-4FC3-BE8F-DEA38731B1D7} = {72FB4EAA-8944-476B-A17B-4FC3A2A001E2}
	EndGlobalSection
	GlobalSection(ExtensibilityGlobals) = postSolution
		SolutionGuid = {693F7143-5BAF-438D-9DB1-B97E46064E84}
	EndGlobalSection
EndGlobal
